
Microsoft Visual Studio Solution File, Format Version 12.00
# Visual Studio Version 16
VisualStudioVersion = 16.0.31313.79
MinimumVisualStudioVersion = 10.0.40219.1
Project("{FAE04EC0-301F-11D3-BF4B-00C04F79EFBC}") = "SunamoExceptions5", "SunamoExceptions5\SunamoExceptions5.csproj", "{6C942237-E079-4C3F-A606-DF5C389970C3}"
EndProject
Global
	GlobalSection(SolutionConfigurationPlatforms) = preSolution
		Debug|Any CPU = Debug|Any CPU
		Release|Any CPU = Release|Any CPU
	EndGlobalSection
	GlobalSection(ProjectConfigurationPlatforms) = postSolution
		{6C942237-E079-4C3F-A606-DF5C389970C3}.Debug|Any CPU.ActiveCfg = Debug|Any CPU
		{6C942237-E079-4C3F-A606-DF5C389970C3}.Debug|Any CPU.Build.0 = Debug|Any CPU
		{6C942237-E079-4C3F-A606-DF5C389970C3}.Release|Any CPU.ActiveCfg = Release|Any CPU
		{6C942237-E079-4C3F-A606-DF5C389970C3}.Release|Any CPU.Build.0 = Release|Any CPU
	EndGlobalSection
	GlobalSection(SolutionProperties) = preSolution
		HideSolutionNode = FALSE
	EndGlobalSection
	GlobalSection(ExtensibilityGlobals) = postSolution
		SolutionGuid = {C6B0E792-6517-406D-84DC-4876C50C457B}
	EndGlobalSection
EndGlobal
